
Microsoft Visual Studio Solution File, Format Version 12.00
# Visual Studio Version 16
VisualStudioVersion = 16.0.31729.503
MinimumVisualStudioVersion = 10.0.40219.1
Project("{2150E333-8FDC-42A3-9474-1A3956D46DE8}") = "Host", "Host", "{84BC057F-BB43-4580-8EA9-9B7506E5462F}"
EndProject
Project("{2150E333-8FDC-42A3-9474-1A3956D46DE8}") = "Modules", "Modules", "{ABE33A78-E552-4AB5-8402-A1F16A64F0A6}"
EndProject
Project("{2150E333-8FDC-42A3-9474-1A3956D46DE8}") = "Shared", "Shared", "{D2433663-F651-4653-B745-5573957AAA39}"
EndProject
Project("{2150E333-8FDC-42A3-9474-1A3956D46DE8}") = "Catalog", "Catalog", "{F8BBD82F-6706-414E-80F8-AD170D30638E}"
EndProject
Project("{2150E333-8FDC-42A3-9474-1A3956D46DE8}") = "Person", "Person", "{88B06CA3-3B5C-4BD0-B17D-9EA23E07ECF0}"
EndProject
Project("{FAE04EC0-301F-11D3-BF4B-00C04F79EFBC}") = "API", "API\API.csproj", "{50B28CD7-327E-4779-B990-8A7A2A651123}"
EndProject
Project("{FAE04EC0-301F-11D3-BF4B-00C04F79EFBC}") = "Module.Catalog", "Module.Catalog\Module.Catalog.csproj", "{B85A8C7C-51A9-4E02-85ED-6DF123DF31B7}"
EndProject
Project("{FAE04EC0-301F-11D3-BF4B-00C04F79EFBC}") = "Module.Catalog.Core", "Module.Catalog.Core\Module.Catalog.Core.csproj", "{35F4A529-2C95-4DEB-8E79-9C19D551520E}"
EndProject
Project("{FAE04EC0-301F-11D3-BF4B-00C04F79EFBC}") = "Module.Catalog.Infrastructure", "Module.Catalog.Infrastructure\Module.Catalog.Infrastructure.csproj", "{6D14932E-D7F5-4E32-BE7A-38DDEE845258}"
EndProject
Project("{FAE04EC0-301F-11D3-BF4B-00C04F79EFBC}") = "Module.People", "Module.People\Module.People.csproj", "{A0608173-619B-4F11-BB00-8943FAC3A748}"
EndProject
Project("{FAE04EC0-301F-11D3-BF4B-00C04F79EFBC}") = "Module.People.Core", "Module.People.Core\Module.People.Core.csproj", "{553727CD-4102-4656-BEDB-9E0E2716E6A9}"
EndProject
Project("{FAE04EC0-301F-11D3-BF4B-00C04F79EFBC}") = "Module.People.Infrastructure", "Module.People.Infrastructure\Module.People.Infrastructure.csproj", "{18C673F2-CFE8-4F2C-9A1A-9D7486ECFCFB}"
EndProject
Project("{FAE04EC0-301F-11D3-BF4B-00C04F79EFBC}") = "Shared.Core", "Shared.Core\Shared.Core.csproj", "{30BF3AE6-6A61-4621-B17B-620281B5B3BD}"
EndProject
Project("{FAE04EC0-301F-11D3-BF4B-00C04F79EFBC}") = "Shared.Infrastructure", "Shared.Infrastructure\Shared.Infrastructure.csproj", "{85447D93-37BA-4C18-B7E8-5484B3742872}"
EndProject
Project("{FAE04EC0-301F-11D3-BF4B-00C04F79EFBC}") = "Shared.Models", "Shared.Models\Shared.Models.csproj", "{6E1CD6C9-69CE-4714-A9AD-F4AC236A8892}"
EndProject
Global
	GlobalSection(SolutionConfigurationPlatforms) = preSolution
		Debug|Any CPU = Debug|Any CPU
		Release|Any CPU = Release|Any CPU
	EndGlobalSection
	GlobalSection(ProjectConfigurationPlatforms) = postSolution
		{50B28CD7-327E-4779-B990-8A7A2A651123}.Debug|Any CPU.ActiveCfg = Debug|Any CPU
		{50B28CD7-327E-4779-B990-8A7A2A651123}.Debug|Any CPU.Build.0 = Debug|Any CPU
		{50B28CD7-327E-4779-B990-8A7A2A651123}.Release|Any CPU.ActiveCfg = Release|Any CPU
		{50B28CD7-327E-4779-B990-8A7A2A651123}.Release|Any CPU.Build.0 = Release|Any CPU
		{B85A8C7C-51A9-4E02-85ED-6DF123DF31B7}.Debug|Any CPU.ActiveCfg = Debug|Any CPU
		{B85A8C7C-51A9-4E02-85ED-6DF123DF31B7}.Debug|Any CPU.Build.0 = Debug|Any CPU
		{B85A8C7C-51A9-4E02-85ED-6DF123DF31B7}.Release|Any CPU.ActiveCfg = Release|Any CPU
		{B85A8C7C-51A9-4E02-85ED-6DF123DF31B7}.Release|Any CPU.Build.0 = Release|Any CPU
		{35F4A529-2C95-4DEB-8E79-9C19D551520E}.Debug|Any CPU.ActiveCfg = Debug|Any CPU
		{35F4A529-2C95-4DEB-8E79-9C19D551520E}.Debug|Any CPU.Build.0 = Debug|Any CPU
		{35F4A529-2C95-4DEB-8E79-9C19D551520E}.Release|Any CPU.ActiveCfg = Release|Any CPU
		{35F4A529-2C95-4DEB-8E79-9C19D551520E}.Release|Any CPU.Build.0 = Release|Any CPU
		{6D14932E-D7F5-4E32-BE7A-38DDEE845258}.Debug|Any CPU.ActiveCfg = Debug|Any CPU
		{6D14932E-D7F5-4E32-BE7A-38DDEE845258}.Debug|Any CPU.Build.0 = Debug|Any CPU
		{6D14932E-D7F5-4E32-BE7A-38DDEE845258}.Release|Any CPU.ActiveCfg = Release|Any CPU
		{6D14932E-D7F5-4E32-BE7A-38DDEE845258}.Release|Any CPU.Build.0 = Release|Any CPU
		{A0608173-619B-4F11-BB00-8943FAC3A748}.Debug|Any CPU.ActiveCfg = Debug|Any CPU
		{A0608173-619B-4F11-BB00-8943FAC3A748}.Debug|Any CPU.Build.0 = Debug|Any CPU
		{A0608173-619B-4F11-BB00-8943FAC3A748}.Release|Any CPU.ActiveCfg = Release|Any CPU
		{A0608173-619B-4F11-BB00-8943FAC3A748}.Release|Any CPU.Build.0 = Release|Any CPU
		{553727CD-4102-4656-BEDB-9E0E2716E6A9}.Debug|Any CPU.ActiveCfg = Debug|Any CPU
		{553727CD-4102-4656-BEDB-9E0E2716E6A9}.Debug|Any CPU.Build.0 = Debug|Any CPU
		{553727CD-4102-4656-BEDB-9E0E2716E6A9}.Release|Any CPU.ActiveCfg = Release|Any CPU
		{553727CD-4102-4656-BEDB-9E0E2716E6A9}.Release|Any CPU.Build.0 = Release|Any CPU
		{18C673F2-CFE8-4F2C-9A1A-9D7486ECFCFB}.Debug|Any CPU.ActiveCfg = Debug|Any CPU
		{18C673F2-CFE8-4F2C-9A1A-9D7486ECFCFB}.Debug|Any CPU.Build.0 = Debug|Any CPU
		{18C673F2-CFE8-4F2C-9A1A-9D7486ECFCFB}.Release|Any CPU.ActiveCfg = Release|Any CPU
		{18C673F2-CFE8-4F2C-9A1A-9D7486ECFCFB}.Release|Any CPU.Build.0 = Release|Any CPU
		{30BF3AE6-6A61-4621-B17B-620281B5B3BD}.Debug|Any CPU.ActiveCfg = Debug|Any CPU
		{30BF3AE6-6A61-4621-B17B-620281B5B3BD}.Debug|Any CPU.Build.0 = Debug|Any CPU
		{30BF3AE6-6A61-4621-B17B-620281B5B3BD}.Release|Any CPU.ActiveCfg = Release|Any CPU
		{30BF3AE6-6A61-4621-B17B-620281B5B3BD}.Release|Any CPU.Build.0 = Release|Any CPU
		{85447D93-37BA-4C18-B7E8-5484B3742872}.Debug|Any CPU.ActiveCfg = Debug|Any CPU
		{85447D93-37BA-4C18-B7E8-5484B3742872}.Debug|Any CPU.Build.0 = Debug|Any CPU
		{85447D93-37BA-4C18-B7E8-5484B3742872}.Release|Any CPU.ActiveCfg = Release|Any CPU
		{85447D93-37BA-4C18-B7E8-5484B3742872}.Release|Any CPU.Build.0 = Release|Any CPU
		{6E1CD6C9-69CE-4714-A9AD-F4AC236A8892}.Debug|Any CPU.ActiveCfg = Debug|Any CPU
		{6E1CD6C9-69CE-4714-A9AD-F4AC236A8892}.Debug|Any CPU.Build.0 = Debug|Any CPU
		{6E1CD6C9-69CE-4714-A9AD-F4AC236A8892}.Release|Any CPU.ActiveCfg = Release|Any CPU
		{6E1CD6C9-69CE-4714-A9AD-F4AC236A8892}.Release|Any CPU.Build.0 = Release|Any CPU
	EndGlobalSection
	GlobalSection(SolutionProperties) = preSolution
		HideSolutionNode = FALSE
	EndGlobalSection
	GlobalSection(NestedProjects) = preSolution
		{F8BBD82F-6706-414E-80F8-AD170D30638E} = {ABE33A78-E552-4AB5-8402-A1F16A64F0A6}
		{88B06CA3-3B5C-4BD0-B17D-9EA23E07ECF0} = {ABE33A78-E552-4AB5-8402-A1F16A64F0A6}
		{50B28CD7-327E-4779-B990-8A7A2A651123} = {84BC057F-BB43-4580-8EA9-9B7506E5462F}
		{B85A8C7C-51A9-4E02-85ED-6DF123DF31B7} = {F8BBD82F-6706-414E-80F8-AD170D30638E}
		{35F4A529-2C95-4DEB-8E79-9C19D551520E} = {F8BBD82F-6706-414E-80F8-AD170D30638E}
		{6D14932E-D7F5-4E32-BE7A-38DDEE845258} = {F8BBD82F-6706-414E-80F8-AD170D30638E}
		{A0608173-619B-4F11-BB00-8943FAC3A748} = {88B06CA3-3B5C-4BD0-B17D-9EA23E07ECF0}
		{553727CD-4102-4656-BEDB-9E0E2716E6A9} = {88B06CA3-3B5C-4BD0-B17D-9EA23E07ECF0}
		{18C673F2-CFE8-4F2C-9A1A-9D7486ECFCFB} = {88B06CA3-3B5C-4BD0-B17D-9EA23E07ECF0}
		{30BF3AE6-6A61-4621-B17B-620281B5B3BD} = {D2433663-F651-4653-B745-5573957AAA39}
		{85447D93-37BA-4C18-B7E8-5484B3742872} = {D2433663-F651-4653-B745-5573957AAA39}
		{6E1CD6C9-69CE-4714-A9AD-F4AC236A8892} = {D2433663-F651-4653-B745-5573957AAA39}
	EndGlobalSection
	GlobalSection(ExtensibilityGlobals) = postSolution
		SolutionGuid = {7FB981A7-B994-4637-AEA0-3062BA25BFEF}
	EndGlobalSection
EndGlobal
